
Microsoft Visual Studio Solution File, Format Version 12.00
# Visual Studio Version 16
VisualStudioVersion = 16.0.30503.244
MinimumVisualStudioVersion = 10.0.40219.1
Project("{FAE04EC0-301F-11D3-BF4B-00C04F79EFBC}") = "labirintus", "labirintus.csproj", "{945A8758-990A-4676-8EBC-F1C6B9FE136E}"
EndProject
Global
	GlobalSection(SolutionConfigurationPlatforms) = preSolution
		Debug|Any CPU = Debug|Any CPU
		Release|Any CPU = Release|Any CPU
	EndGlobalSection
	GlobalSection(ProjectConfigurationPlatforms) = postSolution
		{945A8758-990A-4676-8EBC-F1C6B9FE136E}.Debug|Any CPU.ActiveCfg = Debug|Any CPU
		{945A8758-990A-4676-8EBC-F1C6B9FE136E}.Debug|Any CPU.Build.0 = Debug|Any CPU
		{945A8758-990A-4676-8EBC-F1C6B9FE136E}.Release|Any CPU.ActiveCfg = Release|Any CPU
		{945A8758-990A-4676-8EBC-F1C6B9FE136E}.Release|Any CPU.Build.0 = Release|Any CPU
	EndGlobalSection
	GlobalSection(SolutionProperties) = preSolution
		HideSolutionNode = FALSE
	EndGlobalSection
	GlobalSection(ExtensibilityGlobals) = postSolution
		SolutionGuid = {105B879B-0335-42B6-893C-E8364CE4C6A5}
	EndGlobalSection
EndGlobal
